// !$*UTF8*$!
{
	archiveVersion = 1;
	classes = {
	};
	objectVersion = 46;
	objects = {

/* Begin PBXBuildFile section */
		26B727FF32D3E7EE5D0A54BD /* Pods_DemoUITests.framework in Frameworks */ = {isa = PBXBuildFile; fileRef = 54AD876467AF209106F18ACD /* Pods_DemoUITests.framework */; };
		AC14A6061E5D7AEA00E849B9 /* AppDelegate.swift in Sources */ = {isa = PBXBuildFile; fileRef = AC14A6051E5D7AEA00E849B9 /* AppDelegate.swift */; };
		AC14A6081E5D7AEB00E849B9 /* ViewController.swift in Sources */ = {isa = PBXBuildFile; fileRef = AC14A6071E5D7AEB00E849B9 /* ViewController.swift */; };
		AC14A60B1E5D7AEB00E849B9 /* Main.storyboard in Resources */ = {isa = PBXBuildFile; fileRef = AC14A6091E5D7AEB00E849B9 /* Main.storyboard */; };
		AC14A60D1E5D7AEB00E849B9 /* Assets.xcassets in Resources */ = {isa = PBXBuildFile; fileRef = AC14A60C1E5D7AEB00E849B9 /* Assets.xcassets */; };
		AC14A6101E5D7AEB00E849B9 /* LaunchScreen.storyboard in Resources */ = {isa = PBXBuildFile; fileRef = AC14A60E1E5D7AEB00E849B9 /* LaunchScreen.storyboard */; };
		AC14A61B1E5D7AEC00E849B9 /* trhhrtthrtrhhrtTests.swift in Sources */ = {isa = PBXBuildFile; fileRef = AC14A61A1E5D7AEC00E849B9 /* trhhrtthrtrhhrtTests.swift */; };
		AC14A6261E5D7AEC00E849B9 /* trhhrtthrtrhhrtUITests.swift in Sources */ = {isa = PBXBuildFile; fileRef = AC14A6251E5D7AEC00E849B9 /* trhhrtthrtrhhrtUITests.swift */; };
		AC277D091E70F3FB00DE75BB /* SuccessViewController.swift in Sources */ = {isa = PBXBuildFile; fileRef = AC277D081E70F3FB00DE75BB /* SuccessViewController.swift */; };
		C1509C7552DE648B617AA961 /* Pods_DemoTests.framework in Frameworks */ = {isa = PBXBuildFile; fileRef = C230A84C8E834B9EF48DD963 /* Pods_DemoTests.framework */; };
		FE338FABBAADAA4CEA38E48B /* Pods_Demo.framework in Frameworks */ = {isa = PBXBuildFile; fileRef = 1B8C74D80247289241EAAD05 /* Pods_Demo.framework */; };
/* End PBXBuildFile section */

/* Begin PBXContainerItemProxy section */
		AC14A6171E5D7AEB00E849B9 /* PBXContainerItemProxy */ = {
			isa = PBXContainerItemProxy;
			containerPortal = AC14A5FA1E5D7AEA00E849B9 /* Project object */;
			proxyType = 1;
			remoteGlobalIDString = AC14A6011E5D7AEA00E849B9;
			remoteInfo = trhhrtthrtrhhrt;
		};
		AC14A6221E5D7AEC00E849B9 /* PBXContainerItemProxy */ = {
			isa = PBXContainerItemProxy;
			containerPortal = AC14A5FA1E5D7AEA00E849B9 /* Project object */;
			proxyType = 1;
			remoteGlobalIDString = AC14A6011E5D7AEA00E849B9;
			remoteInfo = trhhrtthrtrhhrt;
		};
/* End PBXContainerItemProxy section */

/* Begin PBXFileReference section */
		1B8C74D80247289241EAAD05 /* Pods_Demo.framework */ = {isa = PBXFileReference; explicitFileType = wrapper.framework; includeInIndex = 0; path = Pods_Demo.framework; sourceTree = BUILT_PRODUCTS_DIR; };
		1F463AEAA470AA7E89C1A2B9 /* Pods-DemoTests.debug.xcconfig */ = {isa = PBXFileReference; includeInIndex = 1; lastKnownFileType = text.xcconfig; name = "Pods-DemoTests.debug.xcconfig"; path = "Pods/Target Support Files/Pods-DemoTests/Pods-DemoTests.debug.xcconfig"; sourceTree = "<group>"; };
		2F64314141312A5FF995B66A /* Pods-DemoUITests.release.xcconfig */ = {isa = PBXFileReference; includeInIndex = 1; lastKnownFileType = text.xcconfig; name = "Pods-DemoUITests.release.xcconfig"; path = "Pods/Target Support Files/Pods-DemoUITests/Pods-DemoUITests.release.xcconfig"; sourceTree = "<group>"; };
		54AD876467AF209106F18ACD /* Pods_DemoUITests.framework */ = {isa = PBXFileReference; explicitFileType = wrapper.framework; includeInIndex = 0; path = Pods_DemoUITests.framework; sourceTree = BUILT_PRODUCTS_DIR; };
		84EE1C013304AFD8E785E104 /* Pods-Demo.release.xcconfig */ = {isa = PBXFileReference; includeInIndex = 1; lastKnownFileType = text.xcconfig; name = "Pods-Demo.release.xcconfig"; path = "Pods/Target Support Files/Pods-Demo/Pods-Demo.release.xcconfig"; sourceTree = "<group>"; };
		AC14A6021E5D7AEA00E849B9 /* Demo.app */ = {isa = PBXFileReference; explicitFileType = wrapper.application; includeInIndex = 0; path = Demo.app; sourceTree = BUILT_PRODUCTS_DIR; };
		AC14A6051E5D7AEA00E849B9 /* AppDelegate.swift */ = {isa = PBXFileReference; lastKnownFileType = sourcecode.swift; path = AppDelegate.swift; sourceTree = "<group>"; };
		AC14A6071E5D7AEB00E849B9 /* ViewController.swift */ = {isa = PBXFileReference; lastKnownFileType = sourcecode.swift; path = ViewController.swift; sourceTree = "<group>"; };
		AC14A60A1E5D7AEB00E849B9 /* Base */ = {isa = PBXFileReference; lastKnownFileType = file.storyboard; name = Base; path = Base.lproj/Main.storyboard; sourceTree = "<group>"; };
		AC14A60C1E5D7AEB00E849B9 /* Assets.xcassets */ = {isa = PBXFileReference; lastKnownFileType = folder.assetcatalog; path = Assets.xcassets; sourceTree = "<group>"; };
		AC14A60F1E5D7AEB00E849B9 /* Base */ = {isa = PBXFileReference; lastKnownFileType = file.storyboard; name = Base; path = Base.lproj/LaunchScreen.storyboard; sourceTree = "<group>"; };
		AC14A6111E5D7AEB00E849B9 /* Info.plist */ = {isa = PBXFileReference; lastKnownFileType = text.plist.xml; path = Info.plist; sourceTree = "<group>"; };
		AC14A6161E5D7AEB00E849B9 /* DemoTests.xctest */ = {isa = PBXFileReference; explicitFileType = wrapper.cfbundle; includeInIndex = 0; path = DemoTests.xctest; sourceTree = BUILT_PRODUCTS_DIR; };
		AC14A61A1E5D7AEC00E849B9 /* trhhrtthrtrhhrtTests.swift */ = {isa = PBXFileReference; lastKnownFileType = sourcecode.swift; path = trhhrtthrtrhhrtTests.swift; sourceTree = "<group>"; };
		AC14A61C1E5D7AEC00E849B9 /* Info.plist */ = {isa = PBXFileReference; lastKnownFileType = text.plist.xml; path = Info.plist; sourceTree = "<group>"; };
		AC14A6211E5D7AEC00E849B9 /* DemoUITests.xctest */ = {isa = PBXFileReference; explicitFileType = wrapper.cfbundle; includeInIndex = 0; path = DemoUITests.xctest; sourceTree = BUILT_PRODUCTS_DIR; };
		AC14A6251E5D7AEC00E849B9 /* trhhrtthrtrhhrtUITests.swift */ = {isa = PBXFileReference; lastKnownFileType = sourcecode.swift; path = trhhrtthrtrhhrtUITests.swift; sourceTree = "<group>"; };
		AC14A6271E5D7AEC00E849B9 /* Info.plist */ = {isa = PBXFileReference; lastKnownFileType = text.plist.xml; path = Info.plist; sourceTree = "<group>"; };
		AC277D081E70F3FB00DE75BB /* SuccessViewController.swift */ = {isa = PBXFileReference; fileEncoding = 4; lastKnownFileType = sourcecode.swift; path = SuccessViewController.swift; sourceTree = "<group>"; };
		ACC7DC39EA355090E2159684 /* Pods-DemoTests.release.xcconfig */ = {isa = PBXFileReference; includeInIndex = 1; lastKnownFileType = text.xcconfig; name = "Pods-DemoTests.release.xcconfig"; path = "Pods/Target Support Files/Pods-DemoTests/Pods-DemoTests.release.xcconfig"; sourceTree = "<group>"; };
		C230A84C8E834B9EF48DD963 /* Pods_DemoTests.framework */ = {isa = PBXFileReference; explicitFileType = wrapper.framework; includeInIndex = 0; path = Pods_DemoTests.framework; sourceTree = BUILT_PRODUCTS_DIR; };
		CEF5D7E9B9F1EDED7E77E928 /* Pods-Demo.debug.xcconfig */ = {isa = PBXFileReference; includeInIndex = 1; lastKnownFileType = text.xcconfig; name = "Pods-Demo.debug.xcconfig"; path = "Pods/Target Support Files/Pods-Demo/Pods-Demo.debug.xcconfig"; sourceTree = "<group>"; };
		EAB194F8BEA79D7D721415C2 /* Pods-DemoUITests.debug.xcconfig */ = {isa = PBXFileReference; includeInIndex = 1; lastKnownFileType = text.xcconfig; name = "Pods-DemoUITests.debug.xcconfig"; path = "Pods/Target Support Files/Pods-DemoUITests/Pods-DemoUITests.debug.xcconfig"; sourceTree = "<group>"; };
/* End PBXFileReference section */

/* Begin PBXFrameworksBuildPhase section */
		AC14A5FF1E5D7AEA00E849B9 /* Frameworks */ = {
			isa = PBXFrameworksBuildPhase;
			buildActionMask = 2147483647;
			files = (
				FE338FABBAADAA4CEA38E48B /* Pods_Demo.framework in Frameworks */,
			);
			runOnlyForDeploymentPostprocessing = 0;
		};
		AC14A6131E5D7AEB00E849B9 /* Frameworks */ = {
			isa = PBXFrameworksBuildPhase;
			buildActionMask = 2147483647;
			files = (
				C1509C7552DE648B617AA961 /* Pods_DemoTests.framework in Frameworks */,
			);
			runOnlyForDeploymentPostprocessing = 0;
		};
		AC14A61E1E5D7AEC00E849B9 /* Frameworks */ = {
			isa = PBXFrameworksBuildPhase;
			buildActionMask = 2147483647;
			files = (
				26B727FF32D3E7EE5D0A54BD /* Pods_DemoUITests.framework in Frameworks */,
			);
			runOnlyForDeploymentPostprocessing = 0;
		};
/* End PBXFrameworksBuildPhase section */

/* Begin PBXGroup section */
		AC14A5F91E5D7AEA00E849B9 = {
			isa = PBXGroup;
			children = (
				AC14A6041E5D7AEA00E849B9 /* Demo */,
				AC14A6191E5D7AEB00E849B9 /* DemoTest */,
				AC14A6241E5D7AEC00E849B9 /* DemoUITests */,
				AC14A6031E5D7AEA00E849B9 /* Products */,
				AE9D23318D4B388AAD6DF5F0 /* Pods */,
				C6B1F8BFA138993E72107032 /* Frameworks */,
			);
			sourceTree = "<group>";
		};
		AC14A6031E5D7AEA00E849B9 /* Products */ = {
			isa = PBXGroup;
			children = (
				AC14A6021E5D7AEA00E849B9 /* Demo.app */,
				AC14A6161E5D7AEB00E849B9 /* DemoTests.xctest */,
				AC14A6211E5D7AEC00E849B9 /* DemoUITests.xctest */,
			);
			name = Products;
			sourceTree = "<group>";
		};
		AC14A6041E5D7AEA00E849B9 /* Demo */ = {
			isa = PBXGroup;
			children = (
				AC14A6051E5D7AEA00E849B9 /* AppDelegate.swift */,
				AC14A6071E5D7AEB00E849B9 /* ViewController.swift */,
				AC14A6091E5D7AEB00E849B9 /* Main.storyboard */,
				AC14A60C1E5D7AEB00E849B9 /* Assets.xcassets */,
				AC14A60E1E5D7AEB00E849B9 /* LaunchScreen.storyboard */,
				AC14A6111E5D7AEB00E849B9 /* Info.plist */,
				AC277D081E70F3FB00DE75BB /* SuccessViewController.swift */,
			);
			name = Demo;
			path = trhhrtthrtrhhrt;
			sourceTree = "<group>";
		};
		AC14A6191E5D7AEB00E849B9 /* DemoTest */ = {
			isa = PBXGroup;
			children = (
				AC14A61A1E5D7AEC00E849B9 /* trhhrtthrtrhhrtTests.swift */,
				AC14A61C1E5D7AEC00E849B9 /* Info.plist */,
			);
			name = DemoTest;
			path = trhhrtthrtrhhrtTests;
			sourceTree = "<group>";
		};
		AC14A6241E5D7AEC00E849B9 /* DemoUITests */ = {
			isa = PBXGroup;
			children = (
				AC14A6251E5D7AEC00E849B9 /* trhhrtthrtrhhrtUITests.swift */,
				AC14A6271E5D7AEC00E849B9 /* Info.plist */,
			);
			name = DemoUITests;
			path = trhhrtthrtrhhrtUITests;
			sourceTree = "<group>";
		};
		AE9D23318D4B388AAD6DF5F0 /* Pods */ = {
			isa = PBXGroup;
			children = (
				CEF5D7E9B9F1EDED7E77E928 /* Pods-Demo.debug.xcconfig */,
				84EE1C013304AFD8E785E104 /* Pods-Demo.release.xcconfig */,
				1F463AEAA470AA7E89C1A2B9 /* Pods-DemoTests.debug.xcconfig */,
				ACC7DC39EA355090E2159684 /* Pods-DemoTests.release.xcconfig */,
				EAB194F8BEA79D7D721415C2 /* Pods-DemoUITests.debug.xcconfig */,
				2F64314141312A5FF995B66A /* Pods-DemoUITests.release.xcconfig */,
			);
			name = Pods;
			sourceTree = "<group>";
		};
		C6B1F8BFA138993E72107032 /* Frameworks */ = {
			isa = PBXGroup;
			children = (
				1B8C74D80247289241EAAD05 /* Pods_Demo.framework */,
				C230A84C8E834B9EF48DD963 /* Pods_DemoTests.framework */,
				54AD876467AF209106F18ACD /* Pods_DemoUITests.framework */,
			);
			name = Frameworks;
			sourceTree = "<group>";
		};
/* End PBXGroup section */

/* Begin PBXNativeTarget section */
		AC14A6011E5D7AEA00E849B9 /* Demo */ = {
			isa = PBXNativeTarget;
			buildConfigurationList = AC14A62A1E5D7AEC00E849B9 /* Build configuration list for PBXNativeTarget "Demo" */;
			buildPhases = (
				50A0E00E2BD591C8105D479D /* [CP] Check Pods Manifest.lock */,
				AC14A5FE1E5D7AEA00E849B9 /* Sources */,
				AC14A5FF1E5D7AEA00E849B9 /* Frameworks */,
				AC14A6001E5D7AEA00E849B9 /* Resources */,
				1808D3974FB96F81C5BA54E4 /* [CP] Embed Pods Frameworks */,
				7DF8E9612A2AAF3274812F64 /* [CP] Copy Pods Resources */,
			);
			buildRules = (
			);
			dependencies = (
			);
			name = Demo;
			productName = trhhrtthrtrhhrt;
			productReference = AC14A6021E5D7AEA00E849B9 /* Demo.app */;
			productType = "com.apple.product-type.application";
		};
		AC14A6151E5D7AEB00E849B9 /* DemoTests */ = {
			isa = PBXNativeTarget;
			buildConfigurationList = AC14A62D1E5D7AEC00E849B9 /* Build configuration list for PBXNativeTarget "DemoTests" */;
			buildPhases = (
				9BB33EDE2F6D4446DDE4AEC6 /* [CP] Check Pods Manifest.lock */,
				AC14A6121E5D7AEB00E849B9 /* Sources */,
				AC14A6131E5D7AEB00E849B9 /* Frameworks */,
				AC14A6141E5D7AEB00E849B9 /* Resources */,
				0D533A2A2B125191CB6C495B /* [CP] Embed Pods Frameworks */,
				068616BBA3E300D1531C8A1F /* [CP] Copy Pods Resources */,
			);
			buildRules = (
			);
			dependencies = (
				AC14A6181E5D7AEB00E849B9 /* PBXTargetDependency */,
			);
			name = DemoTests;
			productName = trhhrtthrtrhhrtTests;
			productReference = AC14A6161E5D7AEB00E849B9 /* DemoTests.xctest */;
			productType = "com.apple.product-type.bundle.unit-test";
		};
		AC14A6201E5D7AEC00E849B9 /* DemoUITests */ = {
			isa = PBXNativeTarget;
			buildConfigurationList = AC14A6301E5D7AEC00E849B9 /* Build configuration list for PBXNativeTarget "DemoUITests" */;
			buildPhases = (
				B276C772431F4320F5851C4F /* [CP] Check Pods Manifest.lock */,
				AC14A61D1E5D7AEC00E849B9 /* Sources */,
				AC14A61E1E5D7AEC00E849B9 /* Frameworks */,
				AC14A61F1E5D7AEC00E849B9 /* Resources */,
				9963DEC37320BDB291F76147 /* [CP] Embed Pods Frameworks */,
				50D1D6C9F84E58831910C6B5 /* [CP] Copy Pods Resources */,
			);
			buildRules = (
			);
			dependencies = (
				AC14A6231E5D7AEC00E849B9 /* PBXTargetDependency */,
			);
			name = DemoUITests;
			productName = trhhrtthrtrhhrtUITests;
			productReference = AC14A6211E5D7AEC00E849B9 /* DemoUITests.xctest */;
			productType = "com.apple.product-type.bundle.ui-testing";
		};
/* End PBXNativeTarget section */

/* Begin PBXProject section */
		AC14A5FA1E5D7AEA00E849B9 /* Project object */ = {
			isa = PBXProject;
			attributes = {
				LastSwiftUpdateCheck = 0820;
				LastUpgradeCheck = 0820;
				ORGANIZATIONNAME = LongND9;
				TargetAttributes = {
					AC14A6011E5D7AEA00E849B9 = {
						CreatedOnToolsVersion = 8.2;
						DevelopmentTeam = X385U6EXA2;
						ProvisioningStyle = Automatic;
					};
					AC14A6151E5D7AEB00E849B9 = {
						CreatedOnToolsVersion = 8.2;
						DevelopmentTeam = 8ZX89Y5W44;
						ProvisioningStyle = Automatic;
						TestTargetID = AC14A6011E5D7AEA00E849B9;
					};
					AC14A6201E5D7AEC00E849B9 = {
						CreatedOnToolsVersion = 8.2;
						DevelopmentTeam = 8ZX89Y5W44;
						ProvisioningStyle = Automatic;
						TestTargetID = AC14A6011E5D7AEA00E849B9;
					};
				};
			};
			buildConfigurationList = AC14A5FD1E5D7AEA00E849B9 /* Build configuration list for PBXProject "Demo" */;
			compatibilityVersion = "Xcode 3.2";
			developmentRegion = English;
			hasScannedForEncodings = 0;
			knownRegions = (
				en,
				Base,
			);
			mainGroup = AC14A5F91E5D7AEA00E849B9;
			productRefGroup = AC14A6031E5D7AEA00E849B9 /* Products */;
			projectDirPath = "";
			projectRoot = "";
			targets = (
				AC14A6011E5D7AEA00E849B9 /* Demo */,
				AC14A6151E5D7AEB00E849B9 /* DemoTests */,
				AC14A6201E5D7AEC00E849B9 /* DemoUITests */,
			);
		};
/* End PBXProject section */

/* Begin PBXResourcesBuildPhase section */
		AC14A6001E5D7AEA00E849B9 /* Resources */ = {
			isa = PBXResourcesBuildPhase;
			buildActionMask = 2147483647;
			files = (
				AC14A6101E5D7AEB00E849B9 /* LaunchScreen.storyboard in Resources */,
				AC14A60D1E5D7AEB00E849B9 /* Assets.xcassets in Resources */,
				AC14A60B1E5D7AEB00E849B9 /* Main.storyboard in Resources */,
			);
			runOnlyForDeploymentPostprocessing = 0;
		};
		AC14A6141E5D7AEB00E849B9 /* Resources */ = {
			isa = PBXResourcesBuildPhase;
			buildActionMask = 2147483647;
			files = (
			);
			runOnlyForDeploymentPostprocessing = 0;
		};
		AC14A61F1E5D7AEC00E849B9 /* Resources */ = {
			isa = PBXResourcesBuildPhase;
			buildActionMask = 2147483647;
			files = (
			);
			runOnlyForDeploymentPostprocessing = 0;
		};
/* End PBXResourcesBuildPhase section */

/* Begin PBXShellScriptBuildPhase section */
		068616BBA3E300D1531C8A1F /* [CP] Copy Pods Resources */ = {
			isa = PBXShellScriptBuildPhase;
			buildActionMask = 2147483647;
			files = (
			);
			inputPaths = (
			);
			name = "[CP] Copy Pods Resources";
			outputPaths = (
			);
			runOnlyForDeploymentPostprocessing = 0;
			shellPath = /bin/sh;
			shellScript = "\"${SRCROOT}/Pods/Target Support Files/Pods-DemoTests/Pods-DemoTests-resources.sh\"\n";
			showEnvVarsInLog = 0;
		};
		0D533A2A2B125191CB6C495B /* [CP] Embed Pods Frameworks */ = {
			isa = PBXShellScriptBuildPhase;
			buildActionMask = 2147483647;
			files = (
			);
			inputPaths = (
			);
			name = "[CP] Embed Pods Frameworks";
			outputPaths = (
			);
			runOnlyForDeploymentPostprocessing = 0;
			shellPath = /bin/sh;
			shellScript = "\"${SRCROOT}/Pods/Target Support Files/Pods-DemoTests/Pods-DemoTests-frameworks.sh\"\n";
			showEnvVarsInLog = 0;
		};
		1808D3974FB96F81C5BA54E4 /* [CP] Embed Pods Frameworks */ = {
			isa = PBXShellScriptBuildPhase;
			buildActionMask = 2147483647;
			files = (
			);
			inputPaths = (
			);
			name = "[CP] Embed Pods Frameworks";
			outputPaths = (
			);
			runOnlyForDeploymentPostprocessing = 0;
			shellPath = /bin/sh;
			shellScript = "\"${SRCROOT}/Pods/Target Support Files/Pods-Demo/Pods-Demo-frameworks.sh\"\n";
			showEnvVarsInLog = 0;
		};
		50A0E00E2BD591C8105D479D /* [CP] Check Pods Manifest.lock */ = {
			isa = PBXShellScriptBuildPhase;
			buildActionMask = 2147483647;
			files = (
			);
			inputPaths = (
			);
			name = "[CP] Check Pods Manifest.lock";
			outputPaths = (
			);
			runOnlyForDeploymentPostprocessing = 0;
			shellPath = /bin/sh;
			shellScript = "diff \"${PODS_ROOT}/../Podfile.lock\" \"${PODS_ROOT}/Manifest.lock\" > /dev/null\nif [ $? != 0 ] ; then\n    # print error to STDERR\n    echo \"error: The sandbox is not in sync with the Podfile.lock. Run 'pod install' or update your CocoaPods installation.\" >&2\n    exit 1\nfi\n";
			showEnvVarsInLog = 0;
		};
		50D1D6C9F84E58831910C6B5 /* [CP] Copy Pods Resources */ = {
			isa = PBXShellScriptBuildPhase;
			buildActionMask = 2147483647;
			files = (
			);
			inputPaths = (
			);
			name = "[CP] Copy Pods Resources";
			outputPaths = (
			);
			runOnlyForDeploymentPostprocessing = 0;
			shellPath = /bin/sh;
			shellScript = "\"${SRCROOT}/Pods/Target Support Files/Pods-DemoUITests/Pods-DemoUITests-resources.sh\"\n";
			showEnvVarsInLog = 0;
		};
		7DF8E9612A2AAF3274812F64 /* [CP] Copy Pods Resources */ = {
			isa = PBXShellScriptBuildPhase;
			buildActionMask = 2147483647;
			files = (
			);
			inputPaths = (
			);
			name = "[CP] Copy Pods Resources";
			outputPaths = (
			);
			runOnlyForDeploymentPostprocessing = 0;
			shellPath = /bin/sh;
			shellScript = "\"${SRCROOT}/Pods/Target Support Files/Pods-Demo/Pods-Demo-resources.sh\"\n";
			showEnvVarsInLog = 0;
		};
		9963DEC37320BDB291F76147 /* [CP] Embed Pods Frameworks */ = {
			isa = PBXShellScriptBuildPhase;
			buildActionMask = 2147483647;
			files = (
			);
			inputPaths = (
			);
			name = "[CP] Embed Pods Frameworks";
			outputPaths = (
			);
			runOnlyForDeploymentPostprocessing = 0;
			shellPath = /bin/sh;
			shellScript = "\"${SRCROOT}/Pods/Target Support Files/Pods-DemoUITests/Pods-DemoUITests-frameworks.sh\"\n";
			showEnvVarsInLog = 0;
		};
		9BB33EDE2F6D4446DDE4AEC6 /* [CP] Check Pods Manifest.lock */ = {
			isa = PBXShellScriptBuildPhase;
			buildActionMask = 2147483647;
			files = (
			);
			inputPaths = (
			);
			name = "[CP] Check Pods Manifest.lock";
			outputPaths = (
			);
			runOnlyForDeploymentPostprocessing = 0;
			shellPath = /bin/sh;
			shellScript = "diff \"${PODS_ROOT}/../Podfile.lock\" \"${PODS_ROOT}/Manifest.lock\" > /dev/null\nif [ $? != 0 ] ; then\n    # print error to STDERR\n    echo \"error: The sandbox is not in sync with the Podfile.lock. Run 'pod install' or update your CocoaPods installation.\" >&2\n    exit 1\nfi\n";
			showEnvVarsInLog = 0;
		};
		B276C772431F4320F5851C4F /* [CP] Check Pods Manifest.lock */ = {
			isa = PBXShellScriptBuildPhase;
			buildActionMask = 2147483647;
			files = (
			);
			inputPaths = (
			);
			name = "[CP] Check Pods Manifest.lock";
			outputPaths = (
			);
			runOnlyForDeploymentPostprocessing = 0;
			shellPath = /bin/sh;
			shellScript = "diff \"${PODS_ROOT}/../Podfile.lock\" \"${PODS_ROOT}/Manifest.lock\" > /dev/null\nif [ $? != 0 ] ; then\n    # print error to STDERR\n    echo \"error: The sandbox is not in sync with the Podfile.lock. Run 'pod install' or update your CocoaPods installation.\" >&2\n    exit 1\nfi\n";
			showEnvVarsInLog = 0;
		};
/* End PBXShellScriptBuildPhase section */

/* Begin PBXSourcesBuildPhase section */
		AC14A5FE1E5D7AEA00E849B9 /* Sources */ = {
			isa = PBXSourcesBuildPhase;
			buildActionMask = 2147483647;
			files = (
				AC14A6081E5D7AEB00E849B9 /* ViewController.swift in Sources */,
				AC277D091E70F3FB00DE75BB /* SuccessViewController.swift in Sources */,
				AC14A6061E5D7AEA00E849B9 /* AppDelegate.swift in Sources */,
			);
			runOnlyForDeploymentPostprocessing = 0;
		};
		AC14A6121E5D7AEB00E849B9 /* Sources */ = {
			isa = PBXSourcesBuildPhase;
			buildActionMask = 2147483647;
			files = (
				AC14A61B1E5D7AEC00E849B9 /* trhhrtthrtrhhrtTests.swift in Sources */,
			);
			runOnlyForDeploymentPostprocessing = 0;
		};
		AC14A61D1E5D7AEC00E849B9 /* Sources */ = {
			isa = PBXSourcesBuildPhase;
			buildActionMask = 2147483647;
			files = (
				AC14A6261E5D7AEC00E849B9 /* trhhrtthrtrhhrtUITests.swift in Sources */,
			);
			runOnlyForDeploymentPostprocessing = 0;
		};
/* End PBXSourcesBuildPhase section */

/* Begin PBXTargetDependency section */
		AC14A6181E5D7AEB00E849B9 /* PBXTargetDependency */ = {
			isa = PBXTargetDependency;
			target = AC14A6011E5D7AEA00E849B9 /* Demo */;
			targetProxy = AC14A6171E5D7AEB00E849B9 /* PBXContainerItemProxy */;
		};
		AC14A6231E5D7AEC00E849B9 /* PBXTargetDependency */ = {
			isa = PBXTargetDependency;
			target = AC14A6011E5D7AEA00E849B9 /* Demo */;
			targetProxy = AC14A6221E5D7AEC00E849B9 /* PBXContainerItemProxy */;
		};
/* End PBXTargetDependency section */

/* Begin PBXVariantGroup section */
		AC14A6091E5D7AEB00E849B9 /* Main.storyboard */ = {
			isa = PBXVariantGroup;
			children = (
				AC14A60A1E5D7AEB00E849B9 /* Base */,
			);
			name = Main.storyboard;
			sourceTree = "<group>";
		};
		AC14A60E1E5D7AEB00E849B9 /* LaunchScreen.storyboard */ = {
			isa = PBXVariantGroup;
			children = (
				AC14A60F1E5D7AEB00E849B9 /* Base */,
			);
			name = LaunchScreen.storyboard;
			sourceTree = "<group>";
		};
/* End PBXVariantGroup section */

/* Begin XCBuildConfiguration section */
		AC14A6281E5D7AEC00E849B9 /* Debug */ = {
			isa = XCBuildConfiguration;
			buildSettings = {
				ALWAYS_SEARCH_USER_PATHS = NO;
				CLANG_ANALYZER_NONNULL = YES;
				CLANG_CXX_LANGUAGE_STANDARD = "gnu++0x";
				CLANG_CXX_LIBRARY = "libc++";
				CLANG_ENABLE_MODULES = YES;
				CLANG_ENABLE_OBJC_ARC = YES;
				CLANG_WARN_BOOL_CONVERSION = YES;
				CLANG_WARN_CONSTANT_CONVERSION = YES;
				CLANG_WARN_DIRECT_OBJC_ISA_USAGE = YES_ERROR;
				CLANG_WARN_DOCUMENTATION_COMMENTS = YES;
				CLANG_WARN_EMPTY_BODY = YES;
				CLANG_WARN_ENUM_CONVERSION = YES;
				CLANG_WARN_INFINITE_RECURSION = YES;
				CLANG_WARN_INT_CONVERSION = YES;
				CLANG_WARN_OBJC_ROOT_CLASS = YES_ERROR;
				CLANG_WARN_SUSPICIOUS_MOVE = YES;
				CLANG_WARN_UNREACHABLE_CODE = YES;
				CLANG_WARN__DUPLICATE_METHOD_MATCH = YES;
				"CODE_SIGN_IDENTITY[sdk=iphoneos*]" = "iPhone Developer";
				COPY_PHASE_STRIP = NO;
				DEBUG_INFORMATION_FORMAT = dwarf;
				ENABLE_STRICT_OBJC_MSGSEND = YES;
				ENABLE_TESTABILITY = YES;
				GCC_C_LANGUAGE_STANDARD = gnu99;
				GCC_DYNAMIC_NO_PIC = NO;
				GCC_NO_COMMON_BLOCKS = YES;
				GCC_OPTIMIZATION_LEVEL = 0;
				GCC_PREPROCESSOR_DEFINITIONS = (
					"DEBUG=1",
					"$(inherited)",
				);
				GCC_WARN_64_TO_32_BIT_CONVERSION = YES;
				GCC_WARN_ABOUT_RETURN_TYPE = YES_ERROR;
				GCC_WARN_UNDECLARED_SELECTOR = YES;
				GCC_WARN_UNINITIALIZED_AUTOS = YES_AGGRESSIVE;
				GCC_WARN_UNUSED_FUNCTION = YES;
				GCC_WARN_UNUSED_VARIABLE = YES;
				IPHONEOS_DEPLOYMENT_TARGET = 10.2;
				MTL_ENABLE_DEBUG_INFO = YES;
				ONLY_ACTIVE_ARCH = YES;
				SDKROOT = iphoneos;
				SWIFT_ACTIVE_COMPILATION_CONDITIONS = DEBUG;
				SWIFT_OPTIMIZATION_LEVEL = "-Onone";
				TARGETED_DEVICE_FAMILY = "1,2";
			};
			name = Debug;
		};
		AC14A6291E5D7AEC00E849B9 /* Release */ = {
			isa = XCBuildConfiguration;
			buildSettings = {
				ALWAYS_SEARCH_USER_PATHS = NO;
				CLANG_ANALYZER_NONNULL = YES;
				CLANG_CXX_LANGUAGE_STANDARD = "gnu++0x";
				CLANG_CXX_LIBRARY = "libc++";
				CLANG_ENABLE_MODULES = YES;
				CLANG_ENABLE_OBJC_ARC = YES;
				CLANG_WARN_BOOL_CONVERSION = YES;
				CLANG_WARN_CONSTANT_CONVERSION = YES;
				CLANG_WARN_DIRECT_OBJC_ISA_USAGE = YES_ERROR;
				CLANG_WARN_DOCUMENTATION_COMMENTS = YES;
				CLANG_WARN_EMPTY_BODY = YES;
				CLANG_WARN_ENUM_CONVERSION = YES;
				CLANG_WARN_INFINITE_RECURSION = YES;
				CLANG_WARN_INT_CONVERSION = YES;
				CLANG_WARN_OBJC_ROOT_CLASS = YES_ERROR;
				CLANG_WARN_SUSPICIOUS_MOVE = YES;
				CLANG_WARN_UNREACHABLE_CODE = YES;
				CLANG_WARN__DUPLICATE_METHOD_MATCH = YES;
				"CODE_SIGN_IDENTITY[sdk=iphoneos*]" = "iPhone Developer";
				COPY_PHASE_STRIP = NO;
				DEBUG_INFORMATION_FORMAT = "dwarf-with-dsym";
				ENABLE_NS_ASSERTIONS = NO;
				ENABLE_STRICT_OBJC_MSGSEND = YES;
				GCC_C_LANGUAGE_STANDARD = gnu99;
				GCC_NO_COMMON_BLOCKS = YES;
				GCC_WARN_64_TO_32_BIT_CONVERSION = YES;
				GCC_WARN_ABOUT_RETURN_TYPE = YES_ERROR;
				GCC_WARN_UNDECLARED_SELECTOR = YES;
				GCC_WARN_UNINITIALIZED_AUTOS = YES_AGGRESSIVE;
				GCC_WARN_UNUSED_FUNCTION = YES;
				GCC_WARN_UNUSED_VARIABLE = YES;
				IPHONEOS_DEPLOYMENT_TARGET = 10.2;
				MTL_ENABLE_DEBUG_INFO = NO;
				SDKROOT = iphoneos;
				SWIFT_OPTIMIZATION_LEVEL = "-Owholemodule";
				TARGETED_DEVICE_FAMILY = "1,2";
				VALIDATE_PRODUCT = YES;
			};
			name = Release;
		};
		AC14A62B1E5D7AEC00E849B9 /* Debug */ = {
			isa = XCBuildConfiguration;
			baseConfigurationReference = CEF5D7E9B9F1EDED7E77E928 /* Pods-Demo.debug.xcconfig */;
			buildSettings = {
				ASSETCATALOG_COMPILER_APPICON_NAME = AppIcon;
				DEVELOPMENT_TEAM = X385U6EXA2;
				INFOPLIST_FILE = trhhrtthrtrhhrt/Info.plist;
				LD_RUNPATH_SEARCH_PATHS = "$(inherited) @executable_path/Frameworks";
				PRODUCT_BUNDLE_IDENTIFIER = com.example.pdf.trhhrtthrtrhhrt;
				PRODUCT_NAME = "$(TARGET_NAME)";
				SWIFT_VERSION = 3.0;
			};
			name = Debug;
		};
		AC14A62C1E5D7AEC00E849B9 /* Release */ = {
			isa = XCBuildConfiguration;
			baseConfigurationReference = 84EE1C013304AFD8E785E104 /* Pods-Demo.release.xcconfig */;
			buildSettings = {
				ASSETCATALOG_COMPILER_APPICON_NAME = AppIcon;
				DEVELOPMENT_TEAM = X385U6EXA2;
				INFOPLIST_FILE = trhhrtthrtrhhrt/Info.plist;
				LD_RUNPATH_SEARCH_PATHS = "$(inherited) @executable_path/Frameworks";
				PRODUCT_BUNDLE_IDENTIFIER = com.example.pdf.trhhrtthrtrhhrt;
				PRODUCT_NAME = "$(TARGET_NAME)";
				SWIFT_VERSION = 3.0;
			};
			name = Release;
		};
		AC14A62E1E5D7AEC00E849B9 /* Debug */ = {
			isa = XCBuildConfiguration;
			baseConfigurationReference = 1F463AEAA470AA7E89C1A2B9 /* Pods-DemoTests.debug.xcconfig */;
			buildSettings = {
				ALWAYS_EMBED_SWIFT_STANDARD_LIBRARIES = YES;
				BUNDLE_LOADER = "$(TEST_HOST)";
				DEVELOPMENT_TEAM = 8ZX89Y5W44;
				INFOPLIST_FILE = trhhrtthrtrhhrtTests/Info.plist;
				LD_RUNPATH_SEARCH_PATHS = "$(inherited) @executable_path/Frameworks @loader_path/Frameworks";
				PRODUCT_BUNDLE_IDENTIFIER = com.example.pdf.trhhrtthrtrhhrtTests;
				PRODUCT_NAME = "$(TARGET_NAME)";
				SWIFT_VERSION = 3.0;
				TEST_HOST = "$(BUILT_PRODUCTS_DIR)/Demo.app/Demo";
			};
			name = Debug;
		};
		AC14A62F1E5D7AEC00E849B9 /* Release */ = {
			isa = XCBuildConfiguration;
			baseConfigurationReference = ACC7DC39EA355090E2159684 /* Pods-DemoTests.release.xcconfig */;
			buildSettings = {
				ALWAYS_EMBED_SWIFT_STANDARD_LIBRARIES = YES;
				BUNDLE_LOADER = "$(TEST_HOST)";
				DEVELOPMENT_TEAM = 8ZX89Y5W44;
				INFOPLIST_FILE = trhhrtthrtrhhrtTests/Info.plist;
				LD_RUNPATH_SEARCH_PATHS = "$(inherited) @executable_path/Frameworks @loader_path/Frameworks";
				PRODUCT_BUNDLE_IDENTIFIER = com.example.pdf.trhhrtthrtrhhrtTests;
				PRODUCT_NAME = "$(TARGET_NAME)";
				SWIFT_VERSION = 3.0;
				TEST_HOST = "$(BUILT_PRODUCTS_DIR)/Demo.app/Demo";
			};
			name = Release;
		};
		AC14A6311E5D7AEC00E849B9 /* Debug */ = {
			isa = XCBuildConfiguration;
			baseConfigurationReference = EAB194F8BEA79D7D721415C2 /* Pods-DemoUITests.debug.xcconfig */;
			buildSettings = {
				ALWAYS_EMBED_SWIFT_STANDARD_LIBRARIES = YES;
				DEVELOPMENT_TEAM = 8ZX89Y5W44;
				INFOPLIST_FILE = trhhrtthrtrhhrtUITests/Info.plist;
				LD_RUNPATH_SEARCH_PATHS = "$(inherited) @executable_path/Frameworks @loader_path/Frameworks";
				PRODUCT_BUNDLE_IDENTIFIER = com.example.pdf.trhhrtthrtrhhrtUITests;
				PRODUCT_NAME = "$(TARGET_NAME)";
				SWIFT_VERSION = 3.0;
				TEST_TARGET_NAME = trhhrtthrtrhhrt;
			};
			name = Debug;
		};
		AC14A6321E5D7AEC00E849B9 /* Release */ = {
			isa = XCBuildConfiguration;
			baseConfigurationReference = 2F64314141312A5FF995B66A /* Pods-DemoUITests.release.xcconfig */;
			buildSettings = {
				ALWAYS_EMBED_SWIFT_STANDARD_LIBRARIES = YES;
				DEVELOPMENT_TEAM = 8ZX89Y5W44;
				INFOPLIST_FILE = trhhrtthrtrhhrtUITests/Info.plist;
				LD_RUNPATH_SEARCH_PATHS = "$(inherited) @executable_path/Frameworks @loader_path/Frameworks";
				PRODUCT_BUNDLE_IDENTIFIER = com.example.pdf.trhhrtthrtrhhrtUITests;
				PRODUCT_NAME = "$(TARGET_NAME)";
				SWIFT_VERSION = 3.0;
				TEST_TARGET_NAME = trhhrtthrtrhhrt;
			};
			name = Release;
		};
/* End XCBuildConfiguration section */

/* Begin XCConfigurationList section */
		AC14A5FD1E5D7AEA00E849B9 /* Build configuration list for PBXProject "Demo" */ = {
			isa = XCConfigurationList;
			buildConfigurations = (
				AC14A6281E5D7AEC00E849B9 /* Debug */,
				AC14A6291E5D7AEC00E849B9 /* Release */,
			);
			defaultConfigurationIsVisible = 0;
			defaultConfigurationName = Release;
		};
		AC14A62A1E5D7AEC00E849B9 /* Build configuration list for PBXNativeTarget "Demo" */ = {
			isa = XCConfigurationList;
			buildConfigurations = (
				AC14A62B1E5D7AEC00E849B9 /* Debug */,
				AC14A62C1E5D7AEC00E849B9 /* Release */,
			);
			defaultConfigurationIsVisible = 0;
			defaultConfigurationName = Release;
		};
		AC14A62D1E5D7AEC00E849B9 /* Build configuration list for PBXNativeTarget "DemoTests" */ = {
			isa = XCConfigurationList;
			buildConfigurations = (
				AC14A62E1E5D7AEC00E849B9 /* Debug */,
				AC14A62F1E5D7AEC00E849B9 /* Release */,
			);
			defaultConfigurationIsVisible = 0;
			defaultConfigurationName = Release;
		};
		AC14A6301E5D7AEC00E849B9 /* Build configuration list for PBXNativeTarget "DemoUITests" */ = {
			isa = XCConfigurationList;
			buildConfigurations = (
				AC14A6311E5D7AEC00E849B9 /* Debug */,
				AC14A6321E5D7AEC00E849B9 /* Release */,
			);
			defaultConfigurationIsVisible = 0;
			defaultConfigurationName = Release;
		};
/* End XCConfigurationList section */
	};
	rootObject = AC14A5FA1E5D7AEA00E849B9 /* Project object */;
}
